
Microsoft Visual Studio Solution File, Format Version 12.00
# Visual Studio Version 17
VisualStudioVersion = 17.4.33205.214
MinimumVisualStudioVersion = 10.0.40219.1
Project("{9A19103F-16F7-4668-BE54-9A1E7A4F7556}") = "BlogLab.web", "BlogLab.web\BlogLab.web.csproj", "{419782A6-58ED-4B4B-A5CE-B0B987319242}"
EndProject
Project("{9A19103F-16F7-4668-BE54-9A1E7A4F7556}") = "BlogLab.Models", "BlogLab.Models\BlogLab.Models.csproj", "{19BC6B06-3396-460A-9D25-B7154C44C498}"
EndProject
Project("{9A19103F-16F7-4668-BE54-9A1E7A4F7556}") = "BlogLab.Repository", "BlogLab.Repository\BlogLab.Repository.csproj", "{7A2D3A50-D43A-4EF2-90DA-D6049907A60C}"
EndProject
Project("{FAE04EC0-301F-11D3-BF4B-00C04F79EFBC}") = "BlogLab.Identity", "BlogLab.Identity\BlogLab.Identity.csproj", "{58A60C3C-62FD-49A2-914E-8DE2C9674F39}"
EndProject
Global
	GlobalSection(SolutionConfigurationPlatforms) = preSolution
		Debug|Any CPU = Debug|Any CPU
		Release|Any CPU = Release|Any CPU
	EndGlobalSection
	GlobalSection(ProjectConfigurationPlatforms) = postSolution
		{419782A6-58ED-4B4B-A5CE-B0B987319242}.Debug|Any CPU.ActiveCfg = Debug|Any CPU
		{419782A6-58ED-4B4B-A5CE-B0B987319242}.Debug|Any CPU.Build.0 = Debug|Any CPU
		{419782A6-58ED-4B4B-A5CE-B0B987319242}.Release|Any CPU.ActiveCfg = Release|Any CPU
		{419782A6-58ED-4B4B-A5CE-B0B987319242}.Release|Any CPU.Build.0 = Release|Any CPU
		{19BC6B06-3396-460A-9D25-B7154C44C498}.Debug|Any CPU.ActiveCfg = Debug|Any CPU
		{19BC6B06-3396-460A-9D25-B7154C44C498}.Debug|Any CPU.Build.0 = Debug|Any CPU
		{19BC6B06-3396-460A-9D25-B7154C44C498}.Release|Any CPU.ActiveCfg = Release|Any CPU
		{19BC6B06-3396-460A-9D25-B7154C44C498}.Release|Any CPU.Build.0 = Release|Any CPU
		{7A2D3A50-D43A-4EF2-90DA-D6049907A60C}.Debug|Any CPU.ActiveCfg = Debug|Any CPU
		{7A2D3A50-D43A-4EF2-90DA-D6049907A60C}.Debug|Any CPU.Build.0 = Debug|Any CPU
		{7A2D3A50-D43A-4EF2-90DA-D6049907A60C}.Release|Any CPU.ActiveCfg = Release|Any CPU
		{7A2D3A50-D43A-4EF2-90DA-D6049907A60C}.Release|Any CPU.Build.0 = Release|Any CPU
		{58A60C3C-62FD-49A2-914E-8DE2C9674F39}.Debug|Any CPU.ActiveCfg = Debug|Any CPU
		{58A60C3C-62FD-49A2-914E-8DE2C9674F39}.Debug|Any CPU.Build.0 = Debug|Any CPU
		{58A60C3C-62FD-49A2-914E-8DE2C9674F39}.Release|Any CPU.ActiveCfg = Release|Any CPU
		{58A60C3C-62FD-49A2-914E-8DE2C9674F39}.Release|Any CPU.Build.0 = Release|Any CPU
	EndGlobalSection
	GlobalSection(SolutionProperties) = preSolution
		HideSolutionNode = FALSE
	EndGlobalSection
	GlobalSection(ExtensibilityGlobals) = postSolution
		SolutionGuid = {D2F09017-EBC5-4310-9990-D4FD2CFBCBCC}
	EndGlobalSection
EndGlobal
